// !$*UTF8*$!
{
	archiveVersion = 1;
	classes = {
	};
	objectVersion = 46;
	objects = {

/* Begin PBXBuildFile section */
		32B2AA521931EB7C00794C67 /* Foundation.framework in Frameworks */ = {isa = PBXBuildFile; fileRef = 32B2AA511931EB7C00794C67 /* Foundation.framework */; };
		32B2AA551931EB7C00794C67 /* main.m in Sources */ = {isa = PBXBuildFile; fileRef = 32B2AA541931EB7C00794C67 /* main.m */; };
		32B2AA621931EBE700794C67 /* IOKit.framework in Frameworks */ = {isa = PBXBuildFile; fileRef = 32B2AA611931EBE700794C67 /* IOKit.framework */; };
/* End PBXBuildFile section */

/* Begin PBXCopyFilesBuildPhase section */
		32B2AA4C1931EB7C00794C67 /* CopyFiles */ = {
			isa = PBXCopyFilesBuildPhase;
			buildActionMask = 2147483647;
			dstPath = /usr/share/man/man1/;
			dstSubfolderSpec = 0;
			files = (
			);
			runOnlyForDeploymentPostprocessing = 1;
		};
/* End PBXCopyFilesBuildPhase section */

/* Begin PBXFileReference section */
		32B2AA4E1931EB7C00794C67 /* hid2hci */ = {isa = PBXFileReference; explicitFileType = "compiled.mach-o.executable"; includeInIndex = 0; path = hid2hci; sourceTree = BUILT_PRODUCTS_DIR; };
		32B2AA511931EB7C00794C67 /* Foundation.framework */ = {isa = PBXFileReference; lastKnownFileType = wrapper.framework; name = Foundation.framework; path = System/Library/Frameworks/Foundation.framework; sourceTree = SDKROOT; };
		32B2AA541931EB7C00794C67 /* main.m */ = {isa = PBXFileReference; lastKnownFileType = sourcecode.c.objc; path = main.m; sourceTree = "<group>"; };
		32B2AA571931EB7C00794C67 /* hid2hci-Prefix.pch */ = {isa = PBXFileReference; lastKnownFileType = sourcecode.c.h; path = "hid2hci-Prefix.pch"; sourceTree = "<group>"; };
		32B2AA5F1931EBA700794C67 /* IOBluetooth.framework */ = {isa = PBXFileReference; lastKnownFileType = wrapper.framework; name = IOBluetooth.framework; path = System/Library/Frameworks/IOBluetooth.framework; sourceTree = SDKROOT; };
		32B2AA611931EBE700794C67 /* IOKit.framework */ = {isa = PBXFileReference; lastKnownFileType = wrapper.framework; name = IOKit.framework; path = System/Library/Frameworks/IOKit.framework; sourceTree = SDKROOT; };
/* End PBXFileReference section */

/* Begin PBXFrameworksBuildPhase section */
		32B2AA4B1931EB7C00794C67 /* Frameworks */ = {
			isa = PBXFrameworksBuildPhase;
			buildActionMask = 2147483647;
			files = (
				32B2AA621931EBE700794C67 /* IOKit.framework in Frameworks */,
				32B2AA521931EB7C00794C67 /* Foundation.framework in Frameworks */,
			);
			runOnlyForDeploymentPostprocessing = 0;
		};
/* End PBXFrameworksBuildPhase section */

/* Begin PBXGroup section */
		32B2AA451931EB7C00794C67 = {
			isa = PBXGroup;
			children = (
				32B2AA531931EB7C00794C67 /* hid2hci */,
				32B2AA501931EB7C00794C67 /* Frameworks */,
				32B2AA4F1931EB7C00794C67 /* Products */,
			);
			sourceTree = "<group>";
		};
		32B2AA4F1931EB7C00794C67 /* Products */ = {
			isa = PBXGroup;
			children = (
				32B2AA4E1931EB7C00794C67 /* hid2hci */,
			);
			name = Products;
			sourceTree = "<group>";
		};
		32B2AA501931EB7C00794C67 /* Frameworks */ = {
			isa = PBXGroup;
			children = (
				32B2AA611931EBE700794C67 /* IOKit.framework */,
				32B2AA5F1931EBA700794C67 /* IOBluetooth.framework */,
				32B2AA511931EB7C00794C67 /* Foundation.framework */,
			);
			name = Frameworks;
			sourceTree = "<group>";
		};
		32B2AA531931EB7C00794C67 /* hid2hci */ = {
			isa = PBXGroup;
			children = (
				32B2AA541931EB7C00794C67 /* main.m */,
				32B2AA561931EB7C00794C67 /* Supporting Files */,
			);
			path = hid2hci;
			sourceTree = "<group>";
		};
		32B2AA561931EB7C00794C67 /* Supporting Files */ = {
			isa = PBXGroup;
			children = (
				32B2AA571931EB7C00794C67 /* hid2hci-Prefix.pch */,
			);
			name = "Supporting Files";
			sourceTree = "<group>";
		};
/* End PBXGroup section */

/* Begin PBXNativeTarget section */
		32B2AA4D1931EB7C00794C67 /* hid2hci */ = {
			isa = PBXNativeTarget;
			buildConfigurationList = 32B2AA5C1931EB7C00794C67 /* Build configuration list for PBXNativeTarget "hid2hci" */;
			buildPhases = (
				32B2AA4A1931EB7C00794C67 /* Sources */,
				32B2AA4B1931EB7C00794C67 /* Frameworks */,
				32B2AA4C1931EB7C00794C67 /* CopyFiles */,
			);
			buildRules = (
			);
			dependencies = (
			);
			name = hid2hci;
			productName = hid2hci;
			productReference = 32B2AA4E1931EB7C00794C67 /* hid2hci */;
			productType = "com.apple.product-type.tool";
		};
/* End PBXNativeTarget section */

/* Begin PBXProject section */
		32B2AA461931EB7C00794C67 /* Project object */ = {
			isa = PBXProject;
			attributes = {
				LastUpgradeCheck = 0510;
				ORGANIZATIONNAME = "Dirk-Willem van Gulik";
			};
			buildConfigurationList = 32B2AA491931EB7C00794C67 /* Build configuration list for PBXProject "hid2hci" */;
			compatibilityVersion = "Xcode 3.2";
			developmentRegion = English;
			hasScannedForEncodings = 0;
			knownRegions = (
				en,
			);
			mainGroup = 32B2AA451931EB7C00794C67;
			productRefGroup = 32B2AA4F1931EB7C00794C67 /* Products */;
			projectDirPath = "";
			projectRoot = "";
			targets = (
				32B2AA4D1931EB7C00794C67 /* hid2hci */,
			);
		};
/* End PBXProject section */

/* Begin PBXSourcesBuildPhase section */
		32B2AA4A1931EB7C00794C67 /* Sources */ = {
			isa = PBXSourcesBuildPhase;
			buildActionMask = 2147483647;
			files = (
				32B2AA551931EB7C00794C67 /* main.m in Sources */,
			);
			runOnlyForDeploymentPostprocessing = 0;
		};
/* End PBXSourcesBuildPhase section */

/* Begin XCBuildConfiguration section */
		32B2AA5A1931EB7C00794C67 /* Debug */ = {
			isa = XCBuildConfiguration;
			buildSettings = {
				ALWAYS_SEARCH_USER_PATHS = NO;
				CLANG_CXX_LANGUAGE_STANDARD = "gnu++0x";
				CLANG_CXX_LIBRARY = "libc++";
				CLANG_ENABLE_MODULES = YES;
				CLANG_ENABLE_OBJC_ARC = YES;
				CLANG_WARN_BOOL_CONVERSION = YES;
				CLANG_WARN_CONSTANT_CONVERSION = YES;
				CLANG_WARN_DIRECT_OBJC_ISA_USAGE = YES_ERROR;
				CLANG_WARN_EMPTY_BODY = YES;
				CLANG_WARN_ENUM_CONVERSION = YES;
				CLANG_WARN_INT_CONVERSION = YES;
				CLANG_WARN_OBJC_ROOT_CLASS = YES_ERROR;
				CLANG_WARN__DUPLICATE_METHOD_MATCH = YES;
				COPY_PHASE_STRIP = NO;
				GCC_C_LANGUAGE_STANDARD = gnu99;
				GCC_DYNAMIC_NO_PIC = NO;
				GCC_ENABLE_OBJC_EXCEPTIONS = YES;
				GCC_OPTIMIZATION_LEVEL = 0;
				GCC_PREPROCESSOR_DEFINITIONS = (
					"DEBUG=1",
					"$(inherited)",
				);
				GCC_SYMBOLS_PRIVATE_EXTERN = NO;
				GCC_WARN_64_TO_32_BIT_CONVERSION = YES;
				GCC_WARN_ABOUT_RETURN_TYPE = YES_ERROR;
				GCC_WARN_UNDECLARED_SELECTOR = YES;
				GCC_WARN_UNINITIALIZED_AUTOS = YES_AGGRESSIVE;
				GCC_WARN_UNUSED_FUNCTION = YES;
				GCC_WARN_UNUSED_VARIABLE = YES;
				MACOSX_DEPLOYMENT_TARGET = 10.9;
				ONLY_ACTIVE_ARCH = YES;
				SDKROOT = macosx;
			};
			name = Debug;
		};
		32B2AA5B1931EB7C00794C67 /* Release */ = {
			isa = XCBuildConfiguration;
			buildSettings = {
				ALWAYS_SEARCH_USER_PATHS = NO;
				CLANG_CXX_LANGUAGE_STANDARD = "gnu++0x";
				CLANG_CXX_LIBRARY = "libc++";
				CLANG_ENABLE_MODULES = YES;
				CLANG_ENABLE_OBJC_ARC = YES;
				CLANG_WARN_BOOL_CONVERSION = YES;
				CLANG_WARN_CONSTANT_CONVERSION = YES;
				CLANG_WARN_DIRECT_OBJC_ISA_USAGE = YES_ERROR;
				CLANG_WARN_EMPTY_BODY = YES;
				CLANG_WARN_ENUM_CONVERSION = YES;
				CLANG_WARN_INT_CONVERSION = YES;
				CLANG_WARN_OBJC_ROOT_CLASS = YES_ERROR;
				CLANG_WARN__DUPLICATE_METHOD_MATCH = YES;
				COPY_PHASE_STRIP = YES;
				DEBUG_INFORMATION_FORMAT = "dwarf-with-dsym";
				ENABLE_NS_ASSERTIONS = NO;
				GCC_C_LANGUAGE_STANDARD = gnu99;
				GCC_ENABLE_OBJC_EXCEPTIONS = YES;
				GCC_WARN_64_TO_32_BIT_CONVERSION = YES;
				GCC_WARN_ABOUT_RETURN_TYPE = YES_ERROR;
				GCC_WARN_UNDECLARED_SELECTOR = YES;
				GCC_WARN_UNINITIALIZED_AUTOS = YES_AGGRESSIVE;
				GCC_WARN_UNUSED_FUNCTION = YES;
				GCC_WARN_UNUSED_VARIABLE = YES;
				MACOSX_DEPLOYMENT_TARGET = 10.9;
				SDKROOT = macosx;
			};
			name = Release;
		};
		32B2AA5D1931EB7C00794C67 /* Debug */ = {
			isa = XCBuildConfiguration;
			buildSettings = {
				GCC_PRECOMPILE_PREFIX_HEADER = YES;
				GCC_PREFIX_HEADER = "hid2hci/hid2hci-Prefix.pch";
				PRODUCT_NAME = "$(TARGET_NAME)";
			};
			name = Debug;
		};
		32B2AA5E1931EB7C00794C67 /* Release */ = {
			isa = XCBuildConfiguration;
			buildSettings = {
				GCC_PRECOMPILE_PREFIX_HEADER = YES;
				GCC_PREFIX_HEADER = "hid2hci/hid2hci-Prefix.pch";
				PRODUCT_NAME = "$(TARGET_NAME)";
			};
			name = Release;
		};
/* End XCBuildConfiguration section */

/* Begin XCConfigurationList section */
		32B2AA491931EB7C00794C67 /* Build configuration list for PBXProject "hid2hci" */ = {
			isa = XCConfigurationList;
			buildConfigurations = (
				32B2AA5A1931EB7C00794C67 /* Debug */,
				32B2AA5B1931EB7C00794C67 /* Release */,
			);
			defaultConfigurationIsVisible = 0;
			defaultConfigurationName = Release;
		};
		32B2AA5C1931EB7C00794C67 /* Build configuration list for PBXNativeTarget "hid2hci" */ = {
			isa = XCConfigurationList;
			buildConfigurations = (
				32B2AA5D1931EB7C00794C67 /* Debug */,
				32B2AA5E1931EB7C00794C67 /* Release */,
			);
			defaultConfigurationIsVisible = 0;
			defaultConfigurationName = Release;
		};
/* End XCConfigurationList section */
	};
	rootObject = 32B2AA461931EB7C00794C67 /* Project object */;
}
